
Microsoft Visual Studio Solution File, Format Version 12.00
# Visual Studio Version 16
VisualStudioVersion = 16.0.28407.52
MinimumVisualStudioVersion = 10.0.40219.1
Project("{9A19103F-16F7-4668-BE54-9A1E7A4F7556}") = "Hotsapp.Firebase", "FirebaseApi\Hotsapp.Firebase.csproj", "{05D76480-EA12-4895-A60F-1FC3B4336DE1}"
EndProject
Project("{9A19103F-16F7-4668-BE54-9A1E7A4F7556}") = "Hotsapp.Data", "Hotsapp.Data\Hotsapp.Data.csproj", "{59744821-9FD9-44BB-B7F3-E814D342E44F}"
EndProject
Project("{9A19103F-16F7-4668-BE54-9A1E7A4F7556}") = "Hotsapp.WebApi", "Hotsapp.WebApi\Hotsapp.WebApi.csproj", "{28BBADD2-AA5E-4EF0-98C8-F0527627C863}"
EndProject
Project("{9A19103F-16F7-4668-BE54-9A1E7A4F7556}") = "Hotsapp.WebStreamer", "Hotsapp.WebStreamer\Hotsapp.WebStreamer.csproj", "{8AEAB1B4-5880-4DE8-B7D7-002CBC59D066}"
EndProject
Project("{9A19103F-16F7-4668-BE54-9A1E7A4F7556}") = "TestApp", "TestApp\TestApp.csproj", "{C58703EF-B0A2-4CAD-930C-C4EE747ACDD8}"
EndProject
Project("{9A19103F-16F7-4668-BE54-9A1E7A4F7556}") = "Hotsapp.PlaylistWorker", "Hotsapp.PlaylistWorker\Hotsapp.PlaylistWorker.csproj", "{2078D0C6-7DE5-47B3-8CD9-0FC5E0EF410A}"
EndProject
Project("{9A19103F-16F7-4668-BE54-9A1E7A4F7556}") = "Hotsapp.Messaging", "Hotsapp.Messaging\Hotsapp.Messaging.csproj", "{A0897C3B-3A38-4591-978C-3FDF8A81FCB0}"
EndProject
Project("{9A19103F-16F7-4668-BE54-9A1E7A4F7556}") = "WaClient.Connector", "WaClient.Connector\WaClient.Connector.csproj", "{AA9E851B-E477-4897-85A7-53F13E66B249}"
EndProject
Project("{FAE04EC0-301F-11D3-BF4B-00C04F79EFBC}") = "WaClient.Worker", "WaClient.Worker\WaClient.Worker.csproj", "{12D542C4-869B-498D-AC9A-E30775D2223A}"
EndProject
Global
	GlobalSection(SolutionConfigurationPlatforms) = preSolution
		Debug|Any CPU = Debug|Any CPU
		Release|Any CPU = Release|Any CPU
	EndGlobalSection
	GlobalSection(ProjectConfigurationPlatforms) = postSolution
		{05D76480-EA12-4895-A60F-1FC3B4336DE1}.Debug|Any CPU.ActiveCfg = Debug|Any CPU
		{05D76480-EA12-4895-A60F-1FC3B4336DE1}.Debug|Any CPU.Build.0 = Debug|Any CPU
		{05D76480-EA12-4895-A60F-1FC3B4336DE1}.Release|Any CPU.ActiveCfg = Release|Any CPU
		{05D76480-EA12-4895-A60F-1FC3B4336DE1}.Release|Any CPU.Build.0 = Release|Any CPU
		{59744821-9FD9-44BB-B7F3-E814D342E44F}.Debug|Any CPU.ActiveCfg = Debug|Any CPU
		{59744821-9FD9-44BB-B7F3-E814D342E44F}.Debug|Any CPU.Build.0 = Debug|Any CPU
		{59744821-9FD9-44BB-B7F3-E814D342E44F}.Release|Any CPU.ActiveCfg = Release|Any CPU
		{59744821-9FD9-44BB-B7F3-E814D342E44F}.Release|Any CPU.Build.0 = Release|Any CPU
		{28BBADD2-AA5E-4EF0-98C8-F0527627C863}.Debug|Any CPU.ActiveCfg = Debug|Any CPU
		{28BBADD2-AA5E-4EF0-98C8-F0527627C863}.Debug|Any CPU.Build.0 = Debug|Any CPU
		{28BBADD2-AA5E-4EF0-98C8-F0527627C863}.Release|Any CPU.ActiveCfg = Release|Any CPU
		{28BBADD2-AA5E-4EF0-98C8-F0527627C863}.Release|Any CPU.Build.0 = Release|Any CPU
		{8AEAB1B4-5880-4DE8-B7D7-002CBC59D066}.Debug|Any CPU.ActiveCfg = Debug|Any CPU
		{8AEAB1B4-5880-4DE8-B7D7-002CBC59D066}.Debug|Any CPU.Build.0 = Debug|Any CPU
		{8AEAB1B4-5880-4DE8-B7D7-002CBC59D066}.Release|Any CPU.ActiveCfg = Release|Any CPU
		{8AEAB1B4-5880-4DE8-B7D7-002CBC59D066}.Release|Any CPU.Build.0 = Release|Any CPU
		{C58703EF-B0A2-4CAD-930C-C4EE747ACDD8}.Debug|Any CPU.ActiveCfg = Debug|Any CPU
		{C58703EF-B0A2-4CAD-930C-C4EE747ACDD8}.Debug|Any CPU.Build.0 = Debug|Any CPU
		{C58703EF-B0A2-4CAD-930C-C4EE747ACDD8}.Release|Any CPU.ActiveCfg = Release|Any CPU
		{C58703EF-B0A2-4CAD-930C-C4EE747ACDD8}.Release|Any CPU.Build.0 = Release|Any CPU
		{2078D0C6-7DE5-47B3-8CD9-0FC5E0EF410A}.Debug|Any CPU.ActiveCfg = Debug|Any CPU
		{2078D0C6-7DE5-47B3-8CD9-0FC5E0EF410A}.Debug|Any CPU.Build.0 = Debug|Any CPU
		{2078D0C6-7DE5-47B3-8CD9-0FC5E0EF410A}.Release|Any CPU.ActiveCfg = Release|Any CPU
		{2078D0C6-7DE5-47B3-8CD9-0FC5E0EF410A}.Release|Any CPU.Build.0 = Release|Any CPU
		{A0897C3B-3A38-4591-978C-3FDF8A81FCB0}.Debug|Any CPU.ActiveCfg = Debug|Any CPU
		{A0897C3B-3A38-4591-978C-3FDF8A81FCB0}.Debug|Any CPU.Build.0 = Debug|Any CPU
		{A0897C3B-3A38-4591-978C-3FDF8A81FCB0}.Release|Any CPU.ActiveCfg = Release|Any CPU
		{A0897C3B-3A38-4591-978C-3FDF8A81FCB0}.Release|Any CPU.Build.0 = Release|Any CPU
		{AA9E851B-E477-4897-85A7-53F13E66B249}.Debug|Any CPU.ActiveCfg = Debug|Any CPU
		{AA9E851B-E477-4897-85A7-53F13E66B249}.Debug|Any CPU.Build.0 = Debug|Any CPU
		{AA9E851B-E477-4897-85A7-53F13E66B249}.Release|Any CPU.ActiveCfg = Release|Any CPU
		{AA9E851B-E477-4897-85A7-53F13E66B249}.Release|Any CPU.Build.0 = Release|Any CPU
		{12D542C4-869B-498D-AC9A-E30775D2223A}.Debug|Any CPU.ActiveCfg = Debug|Any CPU
		{12D542C4-869B-498D-AC9A-E30775D2223A}.Debug|Any CPU.Build.0 = Debug|Any CPU
		{12D542C4-869B-498D-AC9A-E30775D2223A}.Release|Any CPU.ActiveCfg = Release|Any CPU
		{12D542C4-869B-498D-AC9A-E30775D2223A}.Release|Any CPU.Build.0 = Release|Any CPU
	EndGlobalSection
	GlobalSection(SolutionProperties) = preSolution
		HideSolutionNode = FALSE
	EndGlobalSection
	GlobalSection(ExtensibilityGlobals) = postSolution
		SolutionGuid = {F110BE9D-34E3-440B-96FF-3BC60B65CBAB}
	EndGlobalSection
EndGlobal
