
Microsoft Visual Studio Solution File, Format Version 12.00
# Visual Studio Version 16
VisualStudioVersion = 16.0.28407.52
MinimumVisualStudioVersion = 10.0.40219.1
Project("{9A19103F-16F7-4668-BE54-9A1E7A4F7556}") = "Sonoris.Api", "Sonoris.Api\Sonoris.Api.csproj", "{FB06C03E-8F38-45C0-A57D-2EACC5B011B2}"
	ProjectSection(ProjectDependencies) = postProject
		{59744821-9FD9-44BB-B7F3-E814D342E44F} = {59744821-9FD9-44BB-B7F3-E814D342E44F}
	EndProjectSection
EndProject
Project("{9A19103F-16F7-4668-BE54-9A1E7A4F7556}") = "DbManager", "DbManager\DbManager.csproj", "{09A0A365-3FC2-4B37-B5A1-A1F280993EE8}"
EndProject
Project("{9A19103F-16F7-4668-BE54-9A1E7A4F7556}") = "FirebaseApi", "FirebaseApi\FirebaseApi.csproj", "{05D76480-EA12-4895-A60F-1FC3B4336DE1}"
EndProject
Project("{9A19103F-16F7-4668-BE54-9A1E7A4F7556}") = "YoutubeDataApi", "YoutubeDataApi\YoutubeDataApi.csproj", "{9138844F-016C-487F-A1BA-AE0EF21FB551}"
EndProject
Project("{9A19103F-16F7-4668-BE54-9A1E7A4F7556}") = "StorageManger", "StorageManger\StorageManger.csproj", "{C7974084-A32C-4070-AD61-1959FF48C3DD}"
EndProject
Project("{9A19103F-16F7-4668-BE54-9A1E7A4F7556}") = "Sonoris.Data", "Sonoris.Data\Sonoris.Data.csproj", "{59744821-9FD9-44BB-B7F3-E814D342E44F}"
EndProject
Global
	GlobalSection(SolutionConfigurationPlatforms) = preSolution
		Debug|Any CPU = Debug|Any CPU
		Release|Any CPU = Release|Any CPU
	EndGlobalSection
	GlobalSection(ProjectConfigurationPlatforms) = postSolution
		{FB06C03E-8F38-45C0-A57D-2EACC5B011B2}.Debug|Any CPU.ActiveCfg = Debug|Any CPU
		{FB06C03E-8F38-45C0-A57D-2EACC5B011B2}.Debug|Any CPU.Build.0 = Debug|Any CPU
		{FB06C03E-8F38-45C0-A57D-2EACC5B011B2}.Release|Any CPU.ActiveCfg = Release|Any CPU
		{FB06C03E-8F38-45C0-A57D-2EACC5B011B2}.Release|Any CPU.Build.0 = Release|Any CPU
		{09A0A365-3FC2-4B37-B5A1-A1F280993EE8}.Debug|Any CPU.ActiveCfg = Debug|Any CPU
		{09A0A365-3FC2-4B37-B5A1-A1F280993EE8}.Debug|Any CPU.Build.0 = Debug|Any CPU
		{09A0A365-3FC2-4B37-B5A1-A1F280993EE8}.Release|Any CPU.ActiveCfg = Release|Any CPU
		{09A0A365-3FC2-4B37-B5A1-A1F280993EE8}.Release|Any CPU.Build.0 = Release|Any CPU
		{05D76480-EA12-4895-A60F-1FC3B4336DE1}.Debug|Any CPU.ActiveCfg = Debug|Any CPU
		{05D76480-EA12-4895-A60F-1FC3B4336DE1}.Debug|Any CPU.Build.0 = Debug|Any CPU
		{05D76480-EA12-4895-A60F-1FC3B4336DE1}.Release|Any CPU.ActiveCfg = Release|Any CPU
		{05D76480-EA12-4895-A60F-1FC3B4336DE1}.Release|Any CPU.Build.0 = Release|Any CPU
		{9138844F-016C-487F-A1BA-AE0EF21FB551}.Debug|Any CPU.ActiveCfg = Debug|Any CPU
		{9138844F-016C-487F-A1BA-AE0EF21FB551}.Debug|Any CPU.Build.0 = Debug|Any CPU
		{9138844F-016C-487F-A1BA-AE0EF21FB551}.Release|Any CPU.ActiveCfg = Release|Any CPU
		{9138844F-016C-487F-A1BA-AE0EF21FB551}.Release|Any CPU.Build.0 = Release|Any CPU
		{C7974084-A32C-4070-AD61-1959FF48C3DD}.Debug|Any CPU.ActiveCfg = Debug|Any CPU
		{C7974084-A32C-4070-AD61-1959FF48C3DD}.Debug|Any CPU.Build.0 = Debug|Any CPU
		{C7974084-A32C-4070-AD61-1959FF48C3DD}.Release|Any CPU.ActiveCfg = Release|Any CPU
		{C7974084-A32C-4070-AD61-1959FF48C3DD}.Release|Any CPU.Build.0 = Release|Any CPU
		{59744821-9FD9-44BB-B7F3-E814D342E44F}.Debug|Any CPU.ActiveCfg = Debug|Any CPU
		{59744821-9FD9-44BB-B7F3-E814D342E44F}.Debug|Any CPU.Build.0 = Debug|Any CPU
		{59744821-9FD9-44BB-B7F3-E814D342E44F}.Release|Any CPU.ActiveCfg = Release|Any CPU
		{59744821-9FD9-44BB-B7F3-E814D342E44F}.Release|Any CPU.Build.0 = Release|Any CPU
	EndGlobalSection
	GlobalSection(SolutionProperties) = preSolution
		HideSolutionNode = FALSE
	EndGlobalSection
	GlobalSection(ExtensibilityGlobals) = postSolution
		SolutionGuid = {F110BE9D-34E3-440B-96FF-3BC60B65CBAB}
	EndGlobalSection
EndGlobal
